
Microsoft Visual Studio Solution File, Format Version 12.00
# Visual Studio 15
VisualStudioVersion = 15.0.27130.2027
MinimumVisualStudioVersion = 10.0.40219.1
Project("{FAE04EC0-301F-11D3-BF4B-00C04F79EFBC}") = "ConsoleApp1", "ConsoleApp1\ConsoleApp1.csproj", "{246285C5-A24B-4617-9022-77818B1A3117}"
EndProject
Project("{FAE04EC0-301F-11D3-BF4B-00C04F79EFBC}") = "Kalkulators", "Kalkulators\Kalkulators.csproj", "{FAC5F1F3-F3D2-4BFA-838B-D0F7F10D8B4B}"
EndProject
Project("{FAE04EC0-301F-11D3-BF4B-00C04F79EFBC}") = "NumbersGuessingGame", "NumbersGuessingGame\NumbersGuessingGame.csproj", "{062A63CE-D50D-4528-BB7C-089BC8371203}"
EndProject
Project("{FAE04EC0-301F-11D3-BF4B-00C04F79EFBC}") = "NumberGame2", "NumberGame2\NumberGame2.csproj", "{CF5811EF-7CF9-4E64-8545-711637A1D915}"
EndProject
Project("{FAE04EC0-301F-11D3-BF4B-00C04F79EFBC}") = "ToDoList", "ToDoList\ToDoList.csproj", "{D9E54721-075F-41A2-A511-EDD79BBCC353}"
EndProject
Project("{FAE04EC0-301F-11D3-BF4B-00C04F79EFBC}") = "FizzBuzz", "FizzBuzz\FizzBuzz.csproj", "{67AB686F-94E0-4D1C-9BE9-7AEEBE0C386B}"
EndProject
Global
	GlobalSection(SolutionConfigurationPlatforms) = preSolution
		Debug|Any CPU = Debug|Any CPU
		Release|Any CPU = Release|Any CPU
	EndGlobalSection
	GlobalSection(ProjectConfigurationPlatforms) = postSolution
		{246285C5-A24B-4617-9022-77818B1A3117}.Debug|Any CPU.ActiveCfg = Debug|Any CPU
		{246285C5-A24B-4617-9022-77818B1A3117}.Debug|Any CPU.Build.0 = Debug|Any CPU
		{246285C5-A24B-4617-9022-77818B1A3117}.Release|Any CPU.ActiveCfg = Release|Any CPU
		{246285C5-A24B-4617-9022-77818B1A3117}.Release|Any CPU.Build.0 = Release|Any CPU
		{FAC5F1F3-F3D2-4BFA-838B-D0F7F10D8B4B}.Debug|Any CPU.ActiveCfg = Debug|Any CPU
		{FAC5F1F3-F3D2-4BFA-838B-D0F7F10D8B4B}.Debug|Any CPU.Build.0 = Debug|Any CPU
		{FAC5F1F3-F3D2-4BFA-838B-D0F7F10D8B4B}.Release|Any CPU.ActiveCfg = Release|Any CPU
		{FAC5F1F3-F3D2-4BFA-838B-D0F7F10D8B4B}.Release|Any CPU.Build.0 = Release|Any CPU
		{062A63CE-D50D-4528-BB7C-089BC8371203}.Debug|Any CPU.ActiveCfg = Debug|Any CPU
		{062A63CE-D50D-4528-BB7C-089BC8371203}.Debug|Any CPU.Build.0 = Debug|Any CPU
		{062A63CE-D50D-4528-BB7C-089BC8371203}.Release|Any CPU.ActiveCfg = Release|Any CPU
		{062A63CE-D50D-4528-BB7C-089BC8371203}.Release|Any CPU.Build.0 = Release|Any CPU
		{CF5811EF-7CF9-4E64-8545-711637A1D915}.Debug|Any CPU.ActiveCfg = Debug|Any CPU
		{CF5811EF-7CF9-4E64-8545-711637A1D915}.Debug|Any CPU.Build.0 = Debug|Any CPU
		{CF5811EF-7CF9-4E64-8545-711637A1D915}.Release|Any CPU.ActiveCfg = Release|Any CPU
		{CF5811EF-7CF9-4E64-8545-711637A1D915}.Release|Any CPU.Build.0 = Release|Any CPU
		{D9E54721-075F-41A2-A511-EDD79BBCC353}.Debug|Any CPU.ActiveCfg = Debug|Any CPU
		{D9E54721-075F-41A2-A511-EDD79BBCC353}.Debug|Any CPU.Build.0 = Debug|Any CPU
		{D9E54721-075F-41A2-A511-EDD79BBCC353}.Release|Any CPU.ActiveCfg = Release|Any CPU
		{D9E54721-075F-41A2-A511-EDD79BBCC353}.Release|Any CPU.Build.0 = Release|Any CPU
		{67AB686F-94E0-4D1C-9BE9-7AEEBE0C386B}.Debug|Any CPU.ActiveCfg = Debug|Any CPU
		{67AB686F-94E0-4D1C-9BE9-7AEEBE0C386B}.Debug|Any CPU.Build.0 = Debug|Any CPU
		{67AB686F-94E0-4D1C-9BE9-7AEEBE0C386B}.Release|Any CPU.ActiveCfg = Release|Any CPU
		{67AB686F-94E0-4D1C-9BE9-7AEEBE0C386B}.Release|Any CPU.Build.0 = Release|Any CPU
	EndGlobalSection
	GlobalSection(SolutionProperties) = preSolution
		HideSolutionNode = FALSE
	EndGlobalSection
	GlobalSection(ExtensibilityGlobals) = postSolution
		SolutionGuid = {7F36BE05-DD02-4427-9986-9CAED634E525}
	EndGlobalSection
EndGlobal
